<?xml version="1.0" encoding="utf-8"?>
<Project ToolsVersion="4.0" xmlns="http://schemas.microsoft.com/developer/msbuild/2003">
  <ItemGroup>
    <Filter Include="object">
      <UniqueIdentifier>{3c28b143-7e2a-4c72-bb09-a105e55f54e3}</UniqueIdentifier>
    </Filter>
    <Filter Include="include">
      <UniqueIdentifier>{8a2eff41-a881-4cb5-8682-a8e9e3849afb}</UniqueIdentifier>
    </Filter>
    <Filter Include="system">
      <UniqueIdentifier>{3b6da318-2aa7-49e9-a29b-013b4fb54869}</UniqueIdentifier>
    </Filter>
    <Filter Include="test">
      <UniqueIdentifier>{4e6de576-7583-4fb4-9487-a63e9a9272ff}</UniqueIdentifier>
    </Filter>
    <Filter Include="resource">
      <UniqueIdentifier>{67DA6AB6-F800-4c08-8B7A-83BB121AAD01}</UniqueIdentifier>
      <Extensions>rc;ico;cur;bmp;dlg;rc2;rct;bin;rgs;gif;jpg;jpeg;jpe;resx;tiff;tif;png;wav;mfcribbon-ms</Extensions>
    </Filter>
    <Filter Include="aicore">
      <UniqueIdentifier>{d00a58e8-3160-422f-b582-b3b636a5b4d8}</UniqueIdentifier>
    </Filter>
  </ItemGroup>
  <ItemGroup>
    <ClCompile Include="test\test.c">
      <Filter>test</Filter>
    </ClCompile>
    <ClCompile Include="object\abstract.c">
      <Filter>object</Filter>
    </ClCompile>
    <ClCompile Include="object\boolobject.c">
      <Filter>object</Filter>
    </ClCompile>
    <ClCompile Include="object\cellobject.c">
      <Filter>object</Filter>
    </ClCompile>
    <ClCompile Include="object\codeobject.c">
      <Filter>object</Filter>
    </ClCompile>
    <ClCompile Include="object\dictobject.c">
      <Filter>object</Filter>
    </ClCompile>
    <ClCompile Include="object\exceptionobject.c">
      <Filter>object</Filter>
    </ClCompile>
    <ClCompile Include="object\frameobject.c">
      <Filter>object</Filter>
    </ClCompile>
    <ClCompile Include="object\functionobject.c">
      <Filter>object</Filter>
    </ClCompile>
    <ClCompile Include="object\intobject.c">
      <Filter>object</Filter>
    </ClCompile>
    <ClCompile Include="object\iterobject.c">
      <Filter>object</Filter>
    </ClCompile>
    <ClCompile Include="object\listobject.c">
      <Filter>object</Filter>
    </ClCompile>
    <ClCompile Include="object\moduleobject.c">
      <Filter>object</Filter>
    </ClCompile>
    <ClCompile Include="object\object.c">
      <Filter>object</Filter>
    </ClCompile>
    <ClCompile Include="object\stringobject.c">
      <Filter>object</Filter>
    </ClCompile>
    <ClCompile Include="object\tracebackobject.c">
      <Filter>object</Filter>
    </ClCompile>
    <ClCompile Include="object\tupleobject.c">
      <Filter>object</Filter>
    </ClCompile>
    <ClCompile Include="object\typeobject.c">
      <Filter>object</Filter>
    </ClCompile>
    <ClCompile Include="system\aieval.c">
      <Filter>system</Filter>
    </ClCompile>
    <ClCompile Include="system\aimemory.c">
      <Filter>system</Filter>
    </ClCompile>
    <ClCompile Include="system\aimarshal.c">
      <Filter>system</Filter>
    </ClCompile>
    <ClCompile Include="object\descrobject.c">
      <Filter>object</Filter>
    </ClCompile>
    <ClCompile Include="aicore\member.c">
      <Filter>aicore</Filter>
    </ClCompile>
    <ClCompile Include="aicore\method.c">
      <Filter>aicore</Filter>
    </ClCompile>
    <ClCompile Include="aicore\aistate.c">
      <Filter>aicore</Filter>
    </ClCompile>
  </ItemGroup>
  <ItemGroup>
    <ClInclude Include="object\abstract.h">
      <Filter>include</Filter>
    </ClInclude>
    <ClInclude Include="aiconfig.h">
      <Filter>include</Filter>
    </ClInclude>
    <ClInclude Include="system\aieval.h">
      <Filter>include</Filter>
    </ClInclude>
    <ClInclude Include="ailang.h">
      <Filter>include</Filter>
    </ClInclude>
    <ClInclude Include="system\aimemory.h">
      <Filter>include</Filter>
    </ClInclude>
    <ClInclude Include="system\aiopcode.h">
      <Filter>include</Filter>
    </ClInclude>
    <ClInclude Include="object\boolobject.h">
      <Filter>include</Filter>
    </ClInclude>
    <ClInclude Include="object\cellobject.h">
      <Filter>include</Filter>
    </ClInclude>
    <ClInclude Include="object\codeobject.h">
      <Filter>include</Filter>
    </ClInclude>
    <ClInclude Include="object\dictobject.h">
      <Filter>include</Filter>
    </ClInclude>
    <ClInclude Include="object\exceptionobject.h">
      <Filter>include</Filter>
    </ClInclude>
    <ClInclude Include="object\frameobject.h">
      <Filter>include</Filter>
    </ClInclude>
    <ClInclude Include="object\functionobject.h">
      <Filter>include</Filter>
    </ClInclude>
    <ClInclude Include="object\intobject.h">
      <Filter>include</Filter>
    </ClInclude>
    <ClInclude Include="object\iterobject.h">
      <Filter>include</Filter>
    </ClInclude>
    <ClInclude Include="object\listobject.h">
      <Filter>include</Filter>
    </ClInclude>
    <ClInclude Include="system\aimarshal.h">
      <Filter>include</Filter>
    </ClInclude>
    <ClInclude Include="object\moduleobject.h">
      <Filter>include</Filter>
    </ClInclude>
    <ClInclude Include="object\object.h">
      <Filter>include</Filter>
    </ClInclude>
    <ClInclude Include="object\stringobject.h">
      <Filter>include</Filter>
    </ClInclude>
    <ClInclude Include="object\tracebackobject.h">
      <Filter>include</Filter>
    </ClInclude>
    <ClInclude Include="object\tupleobject.h">
      <Filter>include</Filter>
    </ClInclude>
    <ClInclude Include="object\descrobject.h">
      <Filter>include</Filter>
    </ClInclude>
    <ClInclude Include="aicore\aistate.h">
      <Filter>include</Filter>
    </ClInclude>
    <ClInclude Include="aicore\member.h">
      <Filter>include</Filter>
    </ClInclude>
    <ClInclude Include="aicore\method.h">
      <Filter>include</Filter>
    </ClInclude>
  </ItemGroup>
</Project>